// !$*UTF8*$!
{
	archiveVersion = 1;
	classes = {
	};
	objectVersion = 56;
	objects = {

/* Begin PBXBuildFile section */
		39A99FFA2994EC7F00D4A09D /* LoginVC.swift in Sources */ = {isa = PBXBuildFile; fileRef = 39A99FF92994EC7F00D4A09D /* LoginVC.swift */; };
		39A99FFC2994F33D00D4A09D /* CourseDetailsVC.swift in Sources */ = {isa = PBXBuildFile; fileRef = 39A99FFB2994F33D00D4A09D /* CourseDetailsVC.swift */; };
		39C4E5DB299765F0008AF8AB /* CourseDetailsTableHeaderView.swift in Sources */ = {isa = PBXBuildFile; fileRef = 39C4E5DA299765F0008AF8AB /* CourseDetailsTableHeaderView.swift */; };
		521AF05D299F3F9F000A2F83 /* BalanceVC.swift in Sources */ = {isa = PBXBuildFile; fileRef = 521AF05C299F3F9F000A2F83 /* BalanceVC.swift */; };
		5236F81429D21B0100B07FE6 /* OnboardingVC.swift in Sources */ = {isa = PBXBuildFile; fileRef = 5236F81329D21B0100B07FE6 /* OnboardingVC.swift */; };
		523BA9C829D2E97A005996DD /* ResetPasswordVC.swift in Sources */ = {isa = PBXBuildFile; fileRef = 523BA9C729D2E97A005996DD /* ResetPasswordVC.swift */; };
		5257988829D30F4F005A93AC /* OTPFieldView.swift in Sources */ = {isa = PBXBuildFile; fileRef = 5257988729D30F4F005A93AC /* OTPFieldView.swift */; };
		5257988A29D3115E005A93AC /* ReviewVC.swift in Sources */ = {isa = PBXBuildFile; fileRef = 5257988929D3115E005A93AC /* ReviewVC.swift */; };
		525798AA29D31878005A93AC /* CourseDetailsVideoTableViewCell.swift in Sources */ = {isa = PBXBuildFile; fileRef = 525798A929D31878005A93AC /* CourseDetailsVideoTableViewCell.swift */; };
		525798AC29D31936005A93AC /* CourseDetailsReviewsTableViewCell.swift in Sources */ = {isa = PBXBuildFile; fileRef = 525798AB29D31936005A93AC /* CourseDetailsReviewsTableViewCell.swift */; };
		525798AE29D319F5005A93AC /* PaymentHistoryViewController.swift in Sources */ = {isa = PBXBuildFile; fileRef = 525798AD29D319F5005A93AC /* PaymentHistoryViewController.swift */; };
		525798B029D31A25005A93AC /* PaymentHistoryTableViewCell.swift in Sources */ = {isa = PBXBuildFile; fileRef = 525798AF29D31A25005A93AC /* PaymentHistoryTableViewCell.swift */; };
		525798B229D31A7B005A93AC /* VideoDetailsViewController.swift in Sources */ = {isa = PBXBuildFile; fileRef = 525798B129D31A7B005A93AC /* VideoDetailsViewController.swift */; };
		525798B429D31AD5005A93AC /* ChangeLanguageViewController.swift in Sources */ = {isa = PBXBuildFile; fileRef = 525798B329D31AD5005A93AC /* ChangeLanguageViewController.swift */; };
		525798B629D31AFA005A93AC /* ChangeLanguageTableViewCell.swift in Sources */ = {isa = PBXBuildFile; fileRef = 525798B529D31AFA005A93AC /* ChangeLanguageTableViewCell.swift */; };
		525798B829D31B27005A93AC /* AboutUsViewController.swift in Sources */ = {isa = PBXBuildFile; fileRef = 525798B729D31B27005A93AC /* AboutUsViewController.swift */; };
		52770B43299A109C00187F27 /* ProfileTVC.swift in Sources */ = {isa = PBXBuildFile; fileRef = 52770B42299A109C00187F27 /* ProfileTVC.swift */; };
		52770B45299A10AD00187F27 /* ProfileVC.swift in Sources */ = {isa = PBXBuildFile; fileRef = 52770B44299A10AD00187F27 /* ProfileVC.swift */; };
		52770B47299A19B400187F27 /* EditProfileVC.swift in Sources */ = {isa = PBXBuildFile; fileRef = 52770B46299A19B400187F27 /* EditProfileVC.swift */; };
		52A55B6429D448AC002994F4 /* Reachibility.swift in Sources */ = {isa = PBXBuildFile; fileRef = 52A55B6329D448AC002994F4 /* Reachibility.swift */; };
		52A55B6629D448CC002994F4 /* Loader.swift in Sources */ = {isa = PBXBuildFile; fileRef = 52A55B6529D448CC002994F4 /* Loader.swift */; };
		52EDD92829A3534400FDE2D5 /* Ex + URL.swift in Sources */ = {isa = PBXBuildFile; fileRef = 52EDD92729A3534400FDE2D5 /* Ex + URL.swift */; };
		52EDD92A29A359EC00FDE2D5 /* CongratulationVC.swift in Sources */ = {isa = PBXBuildFile; fileRef = 52EDD92929A359EC00FDE2D5 /* CongratulationVC.swift */; };
		52EDD92C29A383C000FDE2D5 /* ShareReferalCodeVC.swift in Sources */ = {isa = PBXBuildFile; fileRef = 52EDD92B29A383C000FDE2D5 /* ShareReferalCodeVC.swift */; };
		5F69B7392992297D003BB9D6 /* AppDelegate.swift in Sources */ = {isa = PBXBuildFile; fileRef = 5F69B7382992297D003BB9D6 /* AppDelegate.swift */; };
		5F69B7422992297E003BB9D6 /* Assets.xcassets in Resources */ = {isa = PBXBuildFile; fileRef = 5F69B7412992297E003BB9D6 /* Assets.xcassets */; };
		5F69B7452992297E003BB9D6 /* LaunchScreen.storyboard in Resources */ = {isa = PBXBuildFile; fileRef = 5F69B7432992297E003BB9D6 /* LaunchScreen.storyboard */; };
		5F9753D129926A1E00DC6667 /* Ex+ChangeViewController.swift in Sources */ = {isa = PBXBuildFile; fileRef = 5F9753D029926A1E00DC6667 /* Ex+ChangeViewController.swift */; };
		5F9753DB29926F1000DC6667 /* Poppins-Light.ttf in Resources */ = {isa = PBXBuildFile; fileRef = 5F9753D229926F1000DC6667 /* Poppins-Light.ttf */; };
		5F9753DC29926F1000DC6667 /* Poppins-Regular.ttf in Resources */ = {isa = PBXBuildFile; fileRef = 5F9753D329926F1000DC6667 /* Poppins-Regular.ttf */; };
		5F9753DD29926F1000DC6667 /* Poppins-Black.ttf in Resources */ = {isa = PBXBuildFile; fileRef = 5F9753D429926F1000DC6667 /* Poppins-Black.ttf */; };
		5F9753DE29926F1000DC6667 /* Poppins-SemiBold.ttf in Resources */ = {isa = PBXBuildFile; fileRef = 5F9753D529926F1000DC6667 /* Poppins-SemiBold.ttf */; };
		5F9753DF29926F1000DC6667 /* Poppins-ExtraLight.ttf in Resources */ = {isa = PBXBuildFile; fileRef = 5F9753D629926F1000DC6667 /* Poppins-ExtraLight.ttf */; };
		5F9753E029926F1000DC6667 /* Poppins-Bold.ttf in Resources */ = {isa = PBXBuildFile; fileRef = 5F9753D729926F1000DC6667 /* Poppins-Bold.ttf */; };
		5F9753E129926F1000DC6667 /* Poppins-Medium.ttf in Resources */ = {isa = PBXBuildFile; fileRef = 5F9753D829926F1000DC6667 /* Poppins-Medium.ttf */; };
		5F9753E229926F1000DC6667 /* Poppins-ExtraBold.ttf in Resources */ = {isa = PBXBuildFile; fileRef = 5F9753D929926F1000DC6667 /* Poppins-ExtraBold.ttf */; };
		5F9753E329926F1000DC6667 /* Poppins-Thin.ttf in Resources */ = {isa = PBXBuildFile; fileRef = 5F9753DA29926F1000DC6667 /* Poppins-Thin.ttf */; };
		5F9753E52992700700DC6667 /* Colors.xcassets in Resources */ = {isa = PBXBuildFile; fileRef = 5F9753E42992700700DC6667 /* Colors.xcassets */; };
		5F9753E7299273C000DC6667 /* Ex+UIFont.swift in Sources */ = {isa = PBXBuildFile; fileRef = 5F9753E6299273C000DC6667 /* Ex+UIFont.swift */; };
		5F9753E92992778B00DC6667 /* Ex+UIColor.swift in Sources */ = {isa = PBXBuildFile; fileRef = 5F9753E82992778B00DC6667 /* Ex+UIColor.swift */; };
		5F9753EB29927DC700DC6667 /* Ex+Label.swift in Sources */ = {isa = PBXBuildFile; fileRef = 5F9753EA29927DC700DC6667 /* Ex+Label.swift */; };
		5F9753ED29927E3F00DC6667 /* BNButton.swift in Sources */ = {isa = PBXBuildFile; fileRef = 5F9753EC29927E3F00DC6667 /* BNButton.swift */; };
		5F9753EF29927E6700DC6667 /* BNTextField.swift in Sources */ = {isa = PBXBuildFile; fileRef = 5F9753EE29927E6700DC6667 /* BNTextField.swift */; };
		5F9753F129927FCF00DC6667 /* Ex+UIStackView.swift in Sources */ = {isa = PBXBuildFile; fileRef = 5F9753F029927FCF00DC6667 /* Ex+UIStackView.swift */; };
		5F9753F32992816700DC6667 /* HomeVC.swift in Sources */ = {isa = PBXBuildFile; fileRef = 5F9753F22992816700DC6667 /* HomeVC.swift */; };
		5FB51FE229928FE7005E4FDA /* NET.swift in Sources */ = {isa = PBXBuildFile; fileRef = 5FB51FE129928FE7005E4FDA /* NET.swift */; };
		5FB51FE429928FF3005E4FDA /* DataModel.swift in Sources */ = {isa = PBXBuildFile; fileRef = 5FB51FE329928FF3005E4FDA /* DataModel.swift */; };
		5FB51FE629929001005E4FDA /* IntroductionCVC.swift in Sources */ = {isa = PBXBuildFile; fileRef = 5FB51FE529929001005E4FDA /* IntroductionCVC.swift */; };
		5FB51FEA29929012005E4FDA /* IntroductionPageVC.swift in Sources */ = {isa = PBXBuildFile; fileRef = 5FB51FE929929012005E4FDA /* IntroductionPageVC.swift */; };
		5FDBE7AF299816EE00F7DB52 /* PaymentsVC.swift in Sources */ = {isa = PBXBuildFile; fileRef = 5FDBE7A8299816EE00F7DB52 /* PaymentsVC.swift */; };
		5FDBE7B0299816EE00F7DB52 /* ForgotVC.swift in Sources */ = {isa = PBXBuildFile; fileRef = 5FDBE7A9299816EE00F7DB52 /* ForgotVC.swift */; };
		5FDBE7B2299816EE00F7DB52 /* OtpVC.swift in Sources */ = {isa = PBXBuildFile; fileRef = 5FDBE7AB299816EE00F7DB52 /* OtpVC.swift */; };
		5FDBE7B3299816EE00F7DB52 /* MyCourses.swift in Sources */ = {isa = PBXBuildFile; fileRef = 5FDBE7AC299816EE00F7DB52 /* MyCourses.swift */; };
		5FDBE7B5299816EE00F7DB52 /* SignUpVC.swift in Sources */ = {isa = PBXBuildFile; fileRef = 5FDBE7AE299816EE00F7DB52 /* SignUpVC.swift */; };
		5FDBE7B72998173B00F7DB52 /* MyCourseTVC.swift in Sources */ = {isa = PBXBuildFile; fileRef = 5FDBE7B62998173B00F7DB52 /* MyCourseTVC.swift */; };
		5FDBE7BA2998178100F7DB52 /* Ex+NavigationController.swift in Sources */ = {isa = PBXBuildFile; fileRef = 5FDBE7B82998178100F7DB52 /* Ex+NavigationController.swift */; };
		5FDBE7BB2998178100F7DB52 /* Ex+UITextField.swift in Sources */ = {isa = PBXBuildFile; fileRef = 5FDBE7B92998178100F7DB52 /* Ex+UITextField.swift */; };
		5FF37E8E2994F217000EF015 /* MainTabBarController.swift in Sources */ = {isa = PBXBuildFile; fileRef = 5FF37E8D2994F217000EF015 /* MainTabBarController.swift */; };
		ED4204610385B8225B63C90A /* Pods_Baqlajon.framework in Frameworks */ = {isa = PBXBuildFile; fileRef = A05E6A6E13017E6627A4C00B /* Pods_Baqlajon.framework */; };
/* End PBXBuildFile section */

/* Begin PBXFileReference section */
		39A99FF92994EC7F00D4A09D /* LoginVC.swift */ = {isa = PBXFileReference; lastKnownFileType = sourcecode.swift; path = LoginVC.swift; sourceTree = "<group>"; };
		39A99FFB2994F33D00D4A09D /* CourseDetailsVC.swift */ = {isa = PBXFileReference; lastKnownFileType = sourcecode.swift; path = CourseDetailsVC.swift; sourceTree = "<group>"; };
		39C4E5DA299765F0008AF8AB /* CourseDetailsTableHeaderView.swift */ = {isa = PBXFileReference; lastKnownFileType = sourcecode.swift; path = CourseDetailsTableHeaderView.swift; sourceTree = "<group>"; };
		4DFB9F73902F371E52E88CD8 /* Pods-Baqlajon.release.xcconfig */ = {isa = PBXFileReference; includeInIndex = 1; lastKnownFileType = text.xcconfig; name = "Pods-Baqlajon.release.xcconfig"; path = "Target Support Files/Pods-Baqlajon/Pods-Baqlajon.release.xcconfig"; sourceTree = "<group>"; };
		521AF05C299F3F9F000A2F83 /* BalanceVC.swift */ = {isa = PBXFileReference; lastKnownFileType = sourcecode.swift; path = BalanceVC.swift; sourceTree = "<group>"; };
		5236F81329D21B0100B07FE6 /* OnboardingVC.swift */ = {isa = PBXFileReference; lastKnownFileType = sourcecode.swift; path = OnboardingVC.swift; sourceTree = "<group>"; };
		523BA9C729D2E97A005996DD /* ResetPasswordVC.swift */ = {isa = PBXFileReference; fileEncoding = 4; lastKnownFileType = sourcecode.swift; path = ResetPasswordVC.swift; sourceTree = "<group>"; };
		5257988729D30F4F005A93AC /* OTPFieldView.swift */ = {isa = PBXFileReference; lastKnownFileType = sourcecode.swift; path = OTPFieldView.swift; sourceTree = "<group>"; };
		5257988929D3115E005A93AC /* ReviewVC.swift */ = {isa = PBXFileReference; lastKnownFileType = sourcecode.swift; path = ReviewVC.swift; sourceTree = "<group>"; };
		525798A929D31878005A93AC /* CourseDetailsVideoTableViewCell.swift */ = {isa = PBXFileReference; lastKnownFileType = sourcecode.swift; path = CourseDetailsVideoTableViewCell.swift; sourceTree = "<group>"; };
		525798AB29D31936005A93AC /* CourseDetailsReviewsTableViewCell.swift */ = {isa = PBXFileReference; lastKnownFileType = sourcecode.swift; path = CourseDetailsReviewsTableViewCell.swift; sourceTree = "<group>"; };
		525798AD29D319F5005A93AC /* PaymentHistoryViewController.swift */ = {isa = PBXFileReference; lastKnownFileType = sourcecode.swift; path = PaymentHistoryViewController.swift; sourceTree = "<group>"; };
		525798AF29D31A25005A93AC /* PaymentHistoryTableViewCell.swift */ = {isa = PBXFileReference; lastKnownFileType = sourcecode.swift; path = PaymentHistoryTableViewCell.swift; sourceTree = "<group>"; };
		525798B129D31A7B005A93AC /* VideoDetailsViewController.swift */ = {isa = PBXFileReference; lastKnownFileType = sourcecode.swift; path = VideoDetailsViewController.swift; sourceTree = "<group>"; };
		525798B329D31AD5005A93AC /* ChangeLanguageViewController.swift */ = {isa = PBXFileReference; lastKnownFileType = sourcecode.swift; path = ChangeLanguageViewController.swift; sourceTree = "<group>"; };
		525798B529D31AFA005A93AC /* ChangeLanguageTableViewCell.swift */ = {isa = PBXFileReference; lastKnownFileType = sourcecode.swift; path = ChangeLanguageTableViewCell.swift; sourceTree = "<group>"; };
		525798B729D31B27005A93AC /* AboutUsViewController.swift */ = {isa = PBXFileReference; lastKnownFileType = sourcecode.swift; path = AboutUsViewController.swift; sourceTree = "<group>"; };
		52770B42299A109C00187F27 /* ProfileTVC.swift */ = {isa = PBXFileReference; fileEncoding = 4; lastKnownFileType = sourcecode.swift; path = ProfileTVC.swift; sourceTree = "<group>"; };
		52770B44299A10AD00187F27 /* ProfileVC.swift */ = {isa = PBXFileReference; fileEncoding = 4; lastKnownFileType = sourcecode.swift; path = ProfileVC.swift; sourceTree = "<group>"; };
		52770B46299A19B400187F27 /* EditProfileVC.swift */ = {isa = PBXFileReference; lastKnownFileType = sourcecode.swift; path = EditProfileVC.swift; sourceTree = "<group>"; };
		52A55B6329D448AC002994F4 /* Reachibility.swift */ = {isa = PBXFileReference; lastKnownFileType = sourcecode.swift; path = Reachibility.swift; sourceTree = "<group>"; };
		52A55B6529D448CC002994F4 /* Loader.swift */ = {isa = PBXFileReference; lastKnownFileType = sourcecode.swift; path = Loader.swift; sourceTree = "<group>"; };
		52EDD92729A3534400FDE2D5 /* Ex + URL.swift */ = {isa = PBXFileReference; lastKnownFileType = sourcecode.swift; path = "Ex + URL.swift"; sourceTree = "<group>"; };
		52EDD92929A359EC00FDE2D5 /* CongratulationVC.swift */ = {isa = PBXFileReference; lastKnownFileType = sourcecode.swift; path = CongratulationVC.swift; sourceTree = "<group>"; };
		52EDD92B29A383C000FDE2D5 /* ShareReferalCodeVC.swift */ = {isa = PBXFileReference; lastKnownFileType = sourcecode.swift; path = ShareReferalCodeVC.swift; sourceTree = "<group>"; };
		5F69B7352992297D003BB9D6 /* Baqlajon.app */ = {isa = PBXFileReference; explicitFileType = wrapper.application; includeInIndex = 0; path = Baqlajon.app; sourceTree = BUILT_PRODUCTS_DIR; };
		5F69B7382992297D003BB9D6 /* AppDelegate.swift */ = {isa = PBXFileReference; lastKnownFileType = sourcecode.swift; path = AppDelegate.swift; sourceTree = "<group>"; };
		5F69B7412992297E003BB9D6 /* Assets.xcassets */ = {isa = PBXFileReference; lastKnownFileType = folder.assetcatalog; path = Assets.xcassets; sourceTree = "<group>"; };
		5F69B7442992297E003BB9D6 /* Base */ = {isa = PBXFileReference; lastKnownFileType = file.storyboard; name = Base; path = Base.lproj/LaunchScreen.storyboard; sourceTree = "<group>"; };
		5F69B7462992297E003BB9D6 /* Info.plist */ = {isa = PBXFileReference; lastKnownFileType = text.plist.xml; path = Info.plist; sourceTree = "<group>"; };
		5F9753D029926A1E00DC6667 /* Ex+ChangeViewController.swift */ = {isa = PBXFileReference; lastKnownFileType = sourcecode.swift; path = "Ex+ChangeViewController.swift"; sourceTree = "<group>"; };
		5F9753D229926F1000DC6667 /* Poppins-Light.ttf */ = {isa = PBXFileReference; lastKnownFileType = file; path = "Poppins-Light.ttf"; sourceTree = "<group>"; };
		5F9753D329926F1000DC6667 /* Poppins-Regular.ttf */ = {isa = PBXFileReference; lastKnownFileType = file; path = "Poppins-Regular.ttf"; sourceTree = "<group>"; };
		5F9753D429926F1000DC6667 /* Poppins-Black.ttf */ = {isa = PBXFileReference; lastKnownFileType = file; path = "Poppins-Black.ttf"; sourceTree = "<group>"; };
		5F9753D529926F1000DC6667 /* Poppins-SemiBold.ttf */ = {isa = PBXFileReference; lastKnownFileType = file; path = "Poppins-SemiBold.ttf"; sourceTree = "<group>"; };
		5F9753D629926F1000DC6667 /* Poppins-ExtraLight.ttf */ = {isa = PBXFileReference; lastKnownFileType = file; path = "Poppins-ExtraLight.ttf"; sourceTree = "<group>"; };
		5F9753D729926F1000DC6667 /* Poppins-Bold.ttf */ = {isa = PBXFileReference; lastKnownFileType = file; path = "Poppins-Bold.ttf"; sourceTree = "<group>"; };
		5F9753D829926F1000DC6667 /* Poppins-Medium.ttf */ = {isa = PBXFileReference; lastKnownFileType = file; path = "Poppins-Medium.ttf"; sourceTree = "<group>"; };
		5F9753D929926F1000DC6667 /* Poppins-ExtraBold.ttf */ = {isa = PBXFileReference; lastKnownFileType = file; path = "Poppins-ExtraBold.ttf"; sourceTree = "<group>"; };
		5F9753DA29926F1000DC6667 /* Poppins-Thin.ttf */ = {isa = PBXFileReference; lastKnownFileType = file; path = "Poppins-Thin.ttf"; sourceTree = "<group>"; };
		5F9753E42992700700DC6667 /* Colors.xcassets */ = {isa = PBXFileReference; lastKnownFileType = folder.assetcatalog; path = Colors.xcassets; sourceTree = "<group>"; };
		5F9753E6299273C000DC6667 /* Ex+UIFont.swift */ = {isa = PBXFileReference; lastKnownFileType = sourcecode.swift; path = "Ex+UIFont.swift"; sourceTree = "<group>"; };
		5F9753E82992778B00DC6667 /* Ex+UIColor.swift */ = {isa = PBXFileReference; lastKnownFileType = sourcecode.swift; path = "Ex+UIColor.swift"; sourceTree = "<group>"; };
		5F9753EA29927DC700DC6667 /* Ex+Label.swift */ = {isa = PBXFileReference; lastKnownFileType = sourcecode.swift; path = "Ex+Label.swift"; sourceTree = "<group>"; };
		5F9753EC29927E3F00DC6667 /* BNButton.swift */ = {isa = PBXFileReference; lastKnownFileType = sourcecode.swift; path = BNButton.swift; sourceTree = "<group>"; };
		5F9753EE29927E6700DC6667 /* BNTextField.swift */ = {isa = PBXFileReference; lastKnownFileType = sourcecode.swift; path = BNTextField.swift; sourceTree = "<group>"; };
		5F9753F029927FCF00DC6667 /* Ex+UIStackView.swift */ = {isa = PBXFileReference; lastKnownFileType = sourcecode.swift; path = "Ex+UIStackView.swift"; sourceTree = "<group>"; };
		5F9753F22992816700DC6667 /* HomeVC.swift */ = {isa = PBXFileReference; lastKnownFileType = sourcecode.swift; path = HomeVC.swift; sourceTree = "<group>"; };
		5FB51FE129928FE7005E4FDA /* NET.swift */ = {isa = PBXFileReference; lastKnownFileType = sourcecode.swift; path = NET.swift; sourceTree = "<group>"; };
		5FB51FE329928FF3005E4FDA /* DataModel.swift */ = {isa = PBXFileReference; lastKnownFileType = sourcecode.swift; path = DataModel.swift; sourceTree = "<group>"; };
		5FB51FE529929001005E4FDA /* IntroductionCVC.swift */ = {isa = PBXFileReference; lastKnownFileType = sourcecode.swift; path = IntroductionCVC.swift; sourceTree = "<group>"; };
		5FB51FE929929012005E4FDA /* IntroductionPageVC.swift */ = {isa = PBXFileReference; lastKnownFileType = sourcecode.swift; path = IntroductionPageVC.swift; sourceTree = "<group>"; };
		5FDBE7A8299816EE00F7DB52 /* PaymentsVC.swift */ = {isa = PBXFileReference; fileEncoding = 4; lastKnownFileType = sourcecode.swift; path = PaymentsVC.swift; sourceTree = "<group>"; };
		5FDBE7A9299816EE00F7DB52 /* ForgotVC.swift */ = {isa = PBXFileReference; fileEncoding = 4; lastKnownFileType = sourcecode.swift; path = ForgotVC.swift; sourceTree = "<group>"; };
		5FDBE7AB299816EE00F7DB52 /* OtpVC.swift */ = {isa = PBXFileReference; fileEncoding = 4; lastKnownFileType = sourcecode.swift; path = OtpVC.swift; sourceTree = "<group>"; };
		5FDBE7AC299816EE00F7DB52 /* MyCourses.swift */ = {isa = PBXFileReference; fileEncoding = 4; lastKnownFileType = sourcecode.swift; path = MyCourses.swift; sourceTree = "<group>"; };
		5FDBE7AE299816EE00F7DB52 /* SignUpVC.swift */ = {isa = PBXFileReference; fileEncoding = 4; lastKnownFileType = sourcecode.swift; path = SignUpVC.swift; sourceTree = "<group>"; };
		5FDBE7B62998173B00F7DB52 /* MyCourseTVC.swift */ = {isa = PBXFileReference; fileEncoding = 4; lastKnownFileType = sourcecode.swift; path = MyCourseTVC.swift; sourceTree = "<group>"; };
		5FDBE7B82998178100F7DB52 /* Ex+NavigationController.swift */ = {isa = PBXFileReference; fileEncoding = 4; lastKnownFileType = sourcecode.swift; path = "Ex+NavigationController.swift"; sourceTree = "<group>"; };
		5FDBE7B92998178100F7DB52 /* Ex+UITextField.swift */ = {isa = PBXFileReference; fileEncoding = 4; lastKnownFileType = sourcecode.swift; path = "Ex+UITextField.swift"; sourceTree = "<group>"; };
		5FF37E8D2994F217000EF015 /* MainTabBarController.swift */ = {isa = PBXFileReference; lastKnownFileType = sourcecode.swift; path = MainTabBarController.swift; sourceTree = "<group>"; };
		A05E6A6E13017E6627A4C00B /* Pods_Baqlajon.framework */ = {isa = PBXFileReference; explicitFileType = wrapper.framework; includeInIndex = 0; path = Pods_Baqlajon.framework; sourceTree = BUILT_PRODUCTS_DIR; };
		DF11D6A7C1D7864A59EB2E16 /* Pods-Baqlajon.debug.xcconfig */ = {isa = PBXFileReference; includeInIndex = 1; lastKnownFileType = text.xcconfig; name = "Pods-Baqlajon.debug.xcconfig"; path = "Target Support Files/Pods-Baqlajon/Pods-Baqlajon.debug.xcconfig"; sourceTree = "<group>"; };
/* End PBXFileReference section */

/* Begin PBXFrameworksBuildPhase section */
		5F69B7322992297D003BB9D6 /* Frameworks */ = {
			isa = PBXFrameworksBuildPhase;
			buildActionMask = 2147483647;
			files = (
				ED4204610385B8225B63C90A /* Pods_Baqlajon.framework in Frameworks */,
			);
			runOnlyForDeploymentPostprocessing = 0;
		};
/* End PBXFrameworksBuildPhase section */

/* Begin PBXGroup section */
		5F69B72C2992297D003BB9D6 = {
			isa = PBXGroup;
			children = (
				5F69B7372992297D003BB9D6 /* Baqlajon */,
				5F69B7362992297D003BB9D6 /* Products */,
				D9D11E8F364B770B55D94D63 /* Pods */,
				99485BC48923A628CEA0FAED /* Frameworks */,
			);
			sourceTree = "<group>";
		};
		5F69B7362992297D003BB9D6 /* Products */ = {
			isa = PBXGroup;
			children = (
				5F69B7352992297D003BB9D6 /* Baqlajon.app */,
			);
			name = Products;
			sourceTree = "<group>";
		};
		5F69B7372992297D003BB9D6 /* Baqlajon */ = {
			isa = PBXGroup;
			children = (
				5F9753C5299263EE00DC6667 /* Manager */,
				5F9753C6299263FE00DC6667 /* Resources */,
				5F9753C72992641800DC6667 /* Model */,
				5F9753C82992642200DC6667 /* View */,
				5F9753CA2992643600DC6667 /* Controllers */,
				5F69B7382992297D003BB9D6 /* AppDelegate.swift */,
				5F9753E42992700700DC6667 /* Colors.xcassets */,
				5F69B7412992297E003BB9D6 /* Assets.xcassets */,
				5F69B7432992297E003BB9D6 /* LaunchScreen.storyboard */,
				5F69B7462992297E003BB9D6 /* Info.plist */,
			);
			path = Baqlajon;
			sourceTree = "<group>";
		};
		5F9753C5299263EE00DC6667 /* Manager */ = {
			isa = PBXGroup;
			children = (
				5F9753CF2992698700DC6667 /* Network */,
			);
			path = Manager;
			sourceTree = "<group>";
		};
		5F9753C6299263FE00DC6667 /* Resources */ = {
			isa = PBXGroup;
			children = (
				5F9753CE2992696300DC6667 /* Extensions */,
				5F9753CD2992693900DC6667 /* Fonts */,
				5F9753EC29927E3F00DC6667 /* BNButton.swift */,
				5F9753EE29927E6700DC6667 /* BNTextField.swift */,
				5257988729D30F4F005A93AC /* OTPFieldView.swift */,
			);
			path = Resources;
			sourceTree = "<group>";
		};
		5F9753C72992641800DC6667 /* Model */ = {
			isa = PBXGroup;
			children = (
				5FB51FE329928FF3005E4FDA /* DataModel.swift */,
			);
			path = Model;
			sourceTree = "<group>";
		};
		5F9753C82992642200DC6667 /* View */ = {
			isa = PBXGroup;
			children = (
				5FDBE7B62998173B00F7DB52 /* MyCourseTVC.swift */,
				52770B42299A109C00187F27 /* ProfileTVC.swift */,
				5FB51FE529929001005E4FDA /* IntroductionCVC.swift */,
				39C4E5DA299765F0008AF8AB /* CourseDetailsTableHeaderView.swift */,
				525798A929D31878005A93AC /* CourseDetailsVideoTableViewCell.swift */,
				525798AB29D31936005A93AC /* CourseDetailsReviewsTableViewCell.swift */,
				525798AF29D31A25005A93AC /* PaymentHistoryTableViewCell.swift */,
				525798B529D31AFA005A93AC /* ChangeLanguageTableViewCell.swift */,
			);
			path = View;
			sourceTree = "<group>";
		};
		5F9753CA2992643600DC6667 /* Controllers */ = {
			isa = PBXGroup;
			children = (
				5F9753CC2992644800DC6667 /* Core */,
				5F9753CB2992644200DC6667 /* General */,
			);
			path = Controllers;
			sourceTree = "<group>";
		};
		5F9753CB2992644200DC6667 /* General */ = {
			isa = PBXGroup;
			children = (
				5FB51FE929929012005E4FDA /* IntroductionPageVC.swift */,
				5236F81329D21B0100B07FE6 /* OnboardingVC.swift */,
				39A99FF92994EC7F00D4A09D /* LoginVC.swift */,
				5FDBE7AE299816EE00F7DB52 /* SignUpVC.swift */,
				5FDBE7AB299816EE00F7DB52 /* OtpVC.swift */,
				5FDBE7A9299816EE00F7DB52 /* ForgotVC.swift */,
				523BA9C729D2E97A005996DD /* ResetPasswordVC.swift */,
				5F9753F22992816700DC6667 /* HomeVC.swift */,
				39A99FFB2994F33D00D4A09D /* CourseDetailsVC.swift */,
				5FDBE7AC299816EE00F7DB52 /* MyCourses.swift */,
				521AF05C299F3F9F000A2F83 /* BalanceVC.swift */,
				52770B44299A10AD00187F27 /* ProfileVC.swift */,
				525798AD29D319F5005A93AC /* PaymentHistoryViewController.swift */,
				525798B729D31B27005A93AC /* AboutUsViewController.swift */,
				5FDBE7A8299816EE00F7DB52 /* PaymentsVC.swift */,
				525798B129D31A7B005A93AC /* VideoDetailsViewController.swift */,
				525798B329D31AD5005A93AC /* ChangeLanguageViewController.swift */,
				52770B46299A19B400187F27 /* EditProfileVC.swift */,
				52EDD92B29A383C000FDE2D5 /* ShareReferalCodeVC.swift */,
				52EDD92929A359EC00FDE2D5 /* CongratulationVC.swift */,
				5257988929D3115E005A93AC /* ReviewVC.swift */,
			);
			path = General;
			sourceTree = "<group>";
		};
		5F9753CC2992644800DC6667 /* Core */ = {
			isa = PBXGroup;
			children = (
				5FF37E8D2994F217000EF015 /* MainTabBarController.swift */,
			);
			path = Core;
			sourceTree = "<group>";
		};
		5F9753CD2992693900DC6667 /* Fonts */ = {
			isa = PBXGroup;
			children = (
				5F9753D429926F1000DC6667 /* Poppins-Black.ttf */,
				5F9753D729926F1000DC6667 /* Poppins-Bold.ttf */,
				5F9753D929926F1000DC6667 /* Poppins-ExtraBold.ttf */,
				5F9753D629926F1000DC6667 /* Poppins-ExtraLight.ttf */,
				5F9753D229926F1000DC6667 /* Poppins-Light.ttf */,
				5F9753D829926F1000DC6667 /* Poppins-Medium.ttf */,
				5F9753D329926F1000DC6667 /* Poppins-Regular.ttf */,
				5F9753D529926F1000DC6667 /* Poppins-SemiBold.ttf */,
				5F9753DA29926F1000DC6667 /* Poppins-Thin.ttf */,
			);
			path = Fonts;
			sourceTree = "<group>";
		};
		5F9753CE2992696300DC6667 /* Extensions */ = {
			isa = PBXGroup;
			children = (
				5F9753D029926A1E00DC6667 /* Ex+ChangeViewController.swift */,
				5F9753E6299273C000DC6667 /* Ex+UIFont.swift */,
				5F9753E82992778B00DC6667 /* Ex+UIColor.swift */,
				5F9753EA29927DC700DC6667 /* Ex+Label.swift */,
				5F9753F029927FCF00DC6667 /* Ex+UIStackView.swift */,
				5FDBE7B82998178100F7DB52 /* Ex+NavigationController.swift */,
				5FDBE7B92998178100F7DB52 /* Ex+UITextField.swift */,
				52EDD92729A3534400FDE2D5 /* Ex + URL.swift */,
			);
			path = Extensions;
			sourceTree = "<group>";
		};
		5F9753CF2992698700DC6667 /* Network */ = {
			isa = PBXGroup;
			children = (
				5FB51FE129928FE7005E4FDA /* NET.swift */,
				52A55B6329D448AC002994F4 /* Reachibility.swift */,
				52A55B6529D448CC002994F4 /* Loader.swift */,
			);
			path = Network;
			sourceTree = "<group>";
		};
		99485BC48923A628CEA0FAED /* Frameworks */ = {
			isa = PBXGroup;
			children = (
				A05E6A6E13017E6627A4C00B /* Pods_Baqlajon.framework */,
			);
			name = Frameworks;
			sourceTree = "<group>";
		};
		D9D11E8F364B770B55D94D63 /* Pods */ = {
			isa = PBXGroup;
			children = (
				DF11D6A7C1D7864A59EB2E16 /* Pods-Baqlajon.debug.xcconfig */,
				4DFB9F73902F371E52E88CD8 /* Pods-Baqlajon.release.xcconfig */,
			);
			path = Pods;
			sourceTree = "<group>";
		};
/* End PBXGroup section */

/* Begin PBXNativeTarget section */
		5F69B7342992297D003BB9D6 /* Baqlajon */ = {
			isa = PBXNativeTarget;
			buildConfigurationList = 5F69B7492992297E003BB9D6 /* Build configuration list for PBXNativeTarget "Baqlajon" */;
			buildPhases = (
				254DB502DD35F02B908D0873 /* [CP] Check Pods Manifest.lock */,
				5F69B7312992297D003BB9D6 /* Sources */,
				5F69B7322992297D003BB9D6 /* Frameworks */,
				5F69B7332992297D003BB9D6 /* Resources */,
				4684A62CF9206F92D2EDAFD9 /* [CP] Embed Pods Frameworks */,
			);
			buildRules = (
			);
			dependencies = (
			);
			name = Baqlajon;
			productName = Baqlajon;
			productReference = 5F69B7352992297D003BB9D6 /* Baqlajon.app */;
			productType = "com.apple.product-type.application";
		};
/* End PBXNativeTarget section */

/* Begin PBXProject section */
		5F69B72D2992297D003BB9D6 /* Project object */ = {
			isa = PBXProject;
			attributes = {
				BuildIndependentTargetsInParallel = 1;
				LastSwiftUpdateCheck = 1420;
				LastUpgradeCheck = 1420;
				TargetAttributes = {
					5F69B7342992297D003BB9D6 = {
						CreatedOnToolsVersion = 14.2;
					};
				};
			};
			buildConfigurationList = 5F69B7302992297D003BB9D6 /* Build configuration list for PBXProject "Baqlajon" */;
			compatibilityVersion = "Xcode 14.0";
			developmentRegion = en;
			hasScannedForEncodings = 0;
			knownRegions = (
				en,
				Base,
			);
			mainGroup = 5F69B72C2992297D003BB9D6;
			productRefGroup = 5F69B7362992297D003BB9D6 /* Products */;
			projectDirPath = "";
			projectRoot = "";
			targets = (
				5F69B7342992297D003BB9D6 /* Baqlajon */,
			);
		};
/* End PBXProject section */

/* Begin PBXResourcesBuildPhase section */
		5F69B7332992297D003BB9D6 /* Resources */ = {
			isa = PBXResourcesBuildPhase;
			buildActionMask = 2147483647;
			files = (
				5F69B7452992297E003BB9D6 /* LaunchScreen.storyboard in Resources */,
				5F9753DB29926F1000DC6667 /* Poppins-Light.ttf in Resources */,
				5F69B7422992297E003BB9D6 /* Assets.xcassets in Resources */,
				5F9753E029926F1000DC6667 /* Poppins-Bold.ttf in Resources */,
				5F9753DE29926F1000DC6667 /* Poppins-SemiBold.ttf in Resources */,
				5F9753DC29926F1000DC6667 /* Poppins-Regular.ttf in Resources */,
				5F9753E229926F1000DC6667 /* Poppins-ExtraBold.ttf in Resources */,
				5F9753E129926F1000DC6667 /* Poppins-Medium.ttf in Resources */,
				5F9753DD29926F1000DC6667 /* Poppins-Black.ttf in Resources */,
				5F9753E52992700700DC6667 /* Colors.xcassets in Resources */,
				5F9753E329926F1000DC6667 /* Poppins-Thin.ttf in Resources */,
				5F9753DF29926F1000DC6667 /* Poppins-ExtraLight.ttf in Resources */,
			);
			runOnlyForDeploymentPostprocessing = 0;
		};
/* End PBXResourcesBuildPhase section */

/* Begin PBXShellScriptBuildPhase section */
		254DB502DD35F02B908D0873 /* [CP] Check Pods Manifest.lock */ = {
			isa = PBXShellScriptBuildPhase;
			buildActionMask = 2147483647;
			files = (
			);
			inputFileListPaths = (
			);
			inputPaths = (
				"${PODS_PODFILE_DIR_PATH}/Podfile.lock",
				"${PODS_ROOT}/Manifest.lock",
			);
			name = "[CP] Check Pods Manifest.lock";
			outputFileListPaths = (
			);
			outputPaths = (
				"$(DERIVED_FILE_DIR)/Pods-Baqlajon-checkManifestLockResult.txt",
			);
			runOnlyForDeploymentPostprocessing = 0;
			shellPath = /bin/sh;
			shellScript = "diff \"${PODS_PODFILE_DIR_PATH}/Podfile.lock\" \"${PODS_ROOT}/Manifest.lock\" > /dev/null\nif [ $? != 0 ] ; then\n    # print error to STDERR\n    echo \"error: The sandbox is not in sync with the Podfile.lock. Run 'pod install' or update your CocoaPods installation.\" >&2\n    exit 1\nfi\n# This output is used by Xcode 'outputs' to avoid re-running this script phase.\necho \"SUCCESS\" > \"${SCRIPT_OUTPUT_FILE_0}\"\n";
			showEnvVarsInLog = 0;
		};
		4684A62CF9206F92D2EDAFD9 /* [CP] Embed Pods Frameworks */ = {
			isa = PBXShellScriptBuildPhase;
			buildActionMask = 2147483647;
			files = (
			);
			inputFileListPaths = (
				"${PODS_ROOT}/Target Support Files/Pods-Baqlajon/Pods-Baqlajon-frameworks-${CONFIGURATION}-input-files.xcfilelist",
			);
			name = "[CP] Embed Pods Frameworks";
			outputFileListPaths = (
				"${PODS_ROOT}/Target Support Files/Pods-Baqlajon/Pods-Baqlajon-frameworks-${CONFIGURATION}-output-files.xcfilelist",
			);
			runOnlyForDeploymentPostprocessing = 0;
			shellPath = /bin/sh;
			shellScript = "\"${PODS_ROOT}/Target Support Files/Pods-Baqlajon/Pods-Baqlajon-frameworks.sh\"\n";
			showEnvVarsInLog = 0;
		};
/* End PBXShellScriptBuildPhase section */

/* Begin PBXSourcesBuildPhase section */
		5F69B7312992297D003BB9D6 /* Sources */ = {
			isa = PBXSourcesBuildPhase;
			buildActionMask = 2147483647;
			files = (
				52770B45299A10AD00187F27 /* ProfileVC.swift in Sources */,
				525798AA29D31878005A93AC /* CourseDetailsVideoTableViewCell.swift in Sources */,
				5236F81429D21B0100B07FE6 /* OnboardingVC.swift in Sources */,
				5F9753E92992778B00DC6667 /* Ex+UIColor.swift in Sources */,
				5FDBE7AF299816EE00F7DB52 /* PaymentsVC.swift in Sources */,
				52EDD92C29A383C000FDE2D5 /* ShareReferalCodeVC.swift in Sources */,
				525798B829D31B27005A93AC /* AboutUsViewController.swift in Sources */,
				5F9753E7299273C000DC6667 /* Ex+UIFont.swift in Sources */,
				5F9753F129927FCF00DC6667 /* Ex+UIStackView.swift in Sources */,
				5FB51FEA29929012005E4FDA /* IntroductionPageVC.swift in Sources */,
				39A99FFC2994F33D00D4A09D /* CourseDetailsVC.swift in Sources */,
				525798B029D31A25005A93AC /* PaymentHistoryTableViewCell.swift in Sources */,
				5FB51FE629929001005E4FDA /* IntroductionCVC.swift in Sources */,
				521AF05D299F3F9F000A2F83 /* BalanceVC.swift in Sources */,
				5FDBE7BA2998178100F7DB52 /* Ex+NavigationController.swift in Sources */,
				5FDBE7B0299816EE00F7DB52 /* ForgotVC.swift in Sources */,
				52EDD92A29A359EC00FDE2D5 /* CongratulationVC.swift in Sources */,
				5FDBE7B72998173B00F7DB52 /* MyCourseTVC.swift in Sources */,
				5F9753F32992816700DC6667 /* HomeVC.swift in Sources */,
				523BA9C829D2E97A005996DD /* ResetPasswordVC.swift in Sources */,
				525798B429D31AD5005A93AC /* ChangeLanguageViewController.swift in Sources */,
				5FDBE7BB2998178100F7DB52 /* Ex+UITextField.swift in Sources */,
				5F69B7392992297D003BB9D6 /* AppDelegate.swift in Sources */,
				52A55B6429D448AC002994F4 /* Reachibility.swift in Sources */,
				52770B43299A109C00187F27 /* ProfileTVC.swift in Sources */,
				5F9753D129926A1E00DC6667 /* Ex+ChangeViewController.swift in Sources */,
				52A55B6629D448CC002994F4 /* Loader.swift in Sources */,
				5FDBE7B3299816EE00F7DB52 /* MyCourses.swift in Sources */,
				525798B229D31A7B005A93AC /* VideoDetailsViewController.swift in Sources */,
				39A99FFA2994EC7F00D4A09D /* LoginVC.swift in Sources */,
				525798B629D31AFA005A93AC /* ChangeLanguageTableViewCell.swift in Sources */,
				5FDBE7B2299816EE00F7DB52 /* OtpVC.swift in Sources */,
				5F9753ED29927E3F00DC6667 /* BNButton.swift in Sources */,
				5FB51FE229928FE7005E4FDA /* NET.swift in Sources */,
				5F9753EF29927E6700DC6667 /* BNTextField.swift in Sources */,
				525798AE29D319F5005A93AC /* PaymentHistoryViewController.swift in Sources */,
				39C4E5DB299765F0008AF8AB /* CourseDetailsTableHeaderView.swift in Sources */,
				5FDBE7B5299816EE00F7DB52 /* SignUpVC.swift in Sources */,
				5F9753EB29927DC700DC6667 /* Ex+Label.swift in Sources */,
				525798AC29D31936005A93AC /* CourseDetailsReviewsTableViewCell.swift in Sources */,
				5FB51FE429928FF3005E4FDA /* DataModel.swift in Sources */,
				52770B47299A19B400187F27 /* EditProfileVC.swift in Sources */,
				52EDD92829A3534400FDE2D5 /* Ex + URL.swift in Sources */,
				5FF37E8E2994F217000EF015 /* MainTabBarController.swift in Sources */,
				5257988A29D3115E005A93AC /* ReviewVC.swift in Sources */,
				5257988829D30F4F005A93AC /* OTPFieldView.swift in Sources */,
			);
			runOnlyForDeploymentPostprocessing = 0;
		};
/* End PBXSourcesBuildPhase section */

/* Begin PBXVariantGroup section */
		5F69B7432992297E003BB9D6 /* LaunchScreen.storyboard */ = {
			isa = PBXVariantGroup;
			children = (
				5F69B7442992297E003BB9D6 /* Base */,
			);
			name = LaunchScreen.storyboard;
			sourceTree = "<group>";
		};
/* End PBXVariantGroup section */

/* Begin XCBuildConfiguration section */
		5F69B7472992297E003BB9D6 /* Debug */ = {
			isa = XCBuildConfiguration;
			buildSettings = {
				ALWAYS_SEARCH_USER_PATHS = NO;
				CLANG_ANALYZER_NONNULL = YES;
				CLANG_ANALYZER_NUMBER_OBJECT_CONVERSION = YES_AGGRESSIVE;
				CLANG_CXX_LANGUAGE_STANDARD = "gnu++20";
				CLANG_ENABLE_MODULES = YES;
				CLANG_ENABLE_OBJC_ARC = YES;
				CLANG_ENABLE_OBJC_WEAK = YES;
				CLANG_WARN_BLOCK_CAPTURE_AUTORELEASING = YES;
				CLANG_WARN_BOOL_CONVERSION = YES;
				CLANG_WARN_COMMA = YES;
				CLANG_WARN_CONSTANT_CONVERSION = YES;
				CLANG_WARN_DEPRECATED_OBJC_IMPLEMENTATIONS = YES;
				CLANG_WARN_DIRECT_OBJC_ISA_USAGE = YES_ERROR;
				CLANG_WARN_DOCUMENTATION_COMMENTS = YES;
				CLANG_WARN_EMPTY_BODY = YES;
				CLANG_WARN_ENUM_CONVERSION = YES;
				CLANG_WARN_INFINITE_RECURSION = YES;
				CLANG_WARN_INT_CONVERSION = YES;
				CLANG_WARN_NON_LITERAL_NULL_CONVERSION = YES;
				CLANG_WARN_OBJC_IMPLICIT_RETAIN_SELF = YES;
				CLANG_WARN_OBJC_LITERAL_CONVERSION = YES;
				CLANG_WARN_OBJC_ROOT_CLASS = YES_ERROR;
				CLANG_WARN_QUOTED_INCLUDE_IN_FRAMEWORK_HEADER = YES;
				CLANG_WARN_RANGE_LOOP_ANALYSIS = YES;
				CLANG_WARN_STRICT_PROTOTYPES = YES;
				CLANG_WARN_SUSPICIOUS_MOVE = YES;
				CLANG_WARN_UNGUARDED_AVAILABILITY = YES_AGGRESSIVE;
				CLANG_WARN_UNREACHABLE_CODE = YES;
				CLANG_WARN__DUPLICATE_METHOD_MATCH = YES;
				COPY_PHASE_STRIP = NO;
				DEBUG_INFORMATION_FORMAT = dwarf;
				ENABLE_STRICT_OBJC_MSGSEND = YES;
				ENABLE_TESTABILITY = YES;
				GCC_C_LANGUAGE_STANDARD = gnu11;
				GCC_DYNAMIC_NO_PIC = NO;
				GCC_NO_COMMON_BLOCKS = YES;
				GCC_OPTIMIZATION_LEVEL = 0;
				GCC_PREPROCESSOR_DEFINITIONS = (
					"DEBUG=1",
					"$(inherited)",
				);
				GCC_WARN_64_TO_32_BIT_CONVERSION = YES;
				GCC_WARN_ABOUT_RETURN_TYPE = YES_ERROR;
				GCC_WARN_UNDECLARED_SELECTOR = YES;
				GCC_WARN_UNINITIALIZED_AUTOS = YES_AGGRESSIVE;
				GCC_WARN_UNUSED_FUNCTION = YES;
				GCC_WARN_UNUSED_VARIABLE = YES;
				IPHONEOS_DEPLOYMENT_TARGET = 13.0;
				MTL_ENABLE_DEBUG_INFO = INCLUDE_SOURCE;
				MTL_FAST_MATH = YES;
				ONLY_ACTIVE_ARCH = YES;
				SDKROOT = iphoneos;
				SWIFT_ACTIVE_COMPILATION_CONDITIONS = DEBUG;
				SWIFT_OPTIMIZATION_LEVEL = "-Onone";
			};
			name = Debug;
		};
		5F69B7482992297E003BB9D6 /* Release */ = {
			isa = XCBuildConfiguration;
			buildSettings = {
				ALWAYS_SEARCH_USER_PATHS = NO;
				CLANG_ANALYZER_NONNULL = YES;
				CLANG_ANALYZER_NUMBER_OBJECT_CONVERSION = YES_AGGRESSIVE;
				CLANG_CXX_LANGUAGE_STANDARD = "gnu++20";
				CLANG_ENABLE_MODULES = YES;
				CLANG_ENABLE_OBJC_ARC = YES;
				CLANG_ENABLE_OBJC_WEAK = YES;
				CLANG_WARN_BLOCK_CAPTURE_AUTORELEASING = YES;
				CLANG_WARN_BOOL_CONVERSION = YES;
				CLANG_WARN_COMMA = YES;
				CLANG_WARN_CONSTANT_CONVERSION = YES;
				CLANG_WARN_DEPRECATED_OBJC_IMPLEMENTATIONS = YES;
				CLANG_WARN_DIRECT_OBJC_ISA_USAGE = YES_ERROR;
				CLANG_WARN_DOCUMENTATION_COMMENTS = YES;
				CLANG_WARN_EMPTY_BODY = YES;
				CLANG_WARN_ENUM_CONVERSION = YES;
				CLANG_WARN_INFINITE_RECURSION = YES;
				CLANG_WARN_INT_CONVERSION = YES;
				CLANG_WARN_NON_LITERAL_NULL_CONVERSION = YES;
				CLANG_WARN_OBJC_IMPLICIT_RETAIN_SELF = YES;
				CLANG_WARN_OBJC_LITERAL_CONVERSION = YES;
				CLANG_WARN_OBJC_ROOT_CLASS = YES_ERROR;
				CLANG_WARN_QUOTED_INCLUDE_IN_FRAMEWORK_HEADER = YES;
				CLANG_WARN_RANGE_LOOP_ANALYSIS = YES;
				CLANG_WARN_STRICT_PROTOTYPES = YES;
				CLANG_WARN_SUSPICIOUS_MOVE = YES;
				CLANG_WARN_UNGUARDED_AVAILABILITY = YES_AGGRESSIVE;
				CLANG_WARN_UNREACHABLE_CODE = YES;
				CLANG_WARN__DUPLICATE_METHOD_MATCH = YES;
				COPY_PHASE_STRIP = NO;
				DEBUG_INFORMATION_FORMAT = "dwarf-with-dsym";
				ENABLE_NS_ASSERTIONS = NO;
				ENABLE_STRICT_OBJC_MSGSEND = YES;
				GCC_C_LANGUAGE_STANDARD = gnu11;
				GCC_NO_COMMON_BLOCKS = YES;
				GCC_WARN_64_TO_32_BIT_CONVERSION = YES;
				GCC_WARN_ABOUT_RETURN_TYPE = YES_ERROR;
				GCC_WARN_UNDECLARED_SELECTOR = YES;
				GCC_WARN_UNINITIALIZED_AUTOS = YES_AGGRESSIVE;
				GCC_WARN_UNUSED_FUNCTION = YES;
				GCC_WARN_UNUSED_VARIABLE = YES;
				IPHONEOS_DEPLOYMENT_TARGET = 13.0;
				MTL_ENABLE_DEBUG_INFO = NO;
				MTL_FAST_MATH = YES;
				SDKROOT = iphoneos;
				SWIFT_COMPILATION_MODE = wholemodule;
				SWIFT_OPTIMIZATION_LEVEL = "-O";
				VALIDATE_PRODUCT = YES;
			};
			name = Release;
		};
		5F69B74A2992297E003BB9D6 /* Debug */ = {
			isa = XCBuildConfiguration;
			baseConfigurationReference = DF11D6A7C1D7864A59EB2E16 /* Pods-Baqlajon.debug.xcconfig */;
			buildSettings = {
				ASSETCATALOG_COMPILER_APPICON_NAME = AppIcon;
				ASSETCATALOG_COMPILER_GLOBAL_ACCENT_COLOR_NAME = AccentColor;
				CODE_SIGN_STYLE = Automatic;
				CURRENT_PROJECT_VERSION = 1;
				DEVELOPMENT_TEAM = Q62DRQKB69;
				GENERATE_INFOPLIST_FILE = YES;
				INFOPLIST_FILE = Baqlajon/Info.plist;
				INFOPLIST_KEY_UIApplicationSupportsIndirectInputEvents = YES;
				INFOPLIST_KEY_UILaunchStoryboardName = LaunchScreen;
				INFOPLIST_KEY_UIMainStoryboardFile = "";
				INFOPLIST_KEY_UISupportedInterfaceOrientations = UIInterfaceOrientationPortrait;
				IPHONEOS_DEPLOYMENT_TARGET = 13.0;
				LD_RUNPATH_SEARCH_PATHS = (
					"$(inherited)",
					"@executable_path/Frameworks",
				);
				MARKETING_VERSION = 1.0;
				PRODUCT_BUNDLE_IDENTIFIER = "rndd-llc.Baqlajon";
				PRODUCT_NAME = "$(TARGET_NAME)";
				SWIFT_EMIT_LOC_STRINGS = YES;
				SWIFT_VERSION = 5.0;
				TARGETED_DEVICE_FAMILY = "1,2";
			};
			name = Debug;
		};
		5F69B74B2992297E003BB9D6 /* Release */ = {
			isa = XCBuildConfiguration;
			baseConfigurationReference = 4DFB9F73902F371E52E88CD8 /* Pods-Baqlajon.release.xcconfig */;
			buildSettings = {
				ASSETCATALOG_COMPILER_APPICON_NAME = AppIcon;
				ASSETCATALOG_COMPILER_GLOBAL_ACCENT_COLOR_NAME = AccentColor;
				CODE_SIGN_STYLE = Automatic;
				CURRENT_PROJECT_VERSION = 1;
				DEVELOPMENT_TEAM = Q62DRQKB69;
				GENERATE_INFOPLIST_FILE = YES;
				INFOPLIST_FILE = Baqlajon/Info.plist;
				INFOPLIST_KEY_UIApplicationSupportsIndirectInputEvents = YES;
				INFOPLIST_KEY_UILaunchStoryboardName = LaunchScreen;
				INFOPLIST_KEY_UIMainStoryboardFile = "";
				INFOPLIST_KEY_UISupportedInterfaceOrientations = UIInterfaceOrientationPortrait;
				IPHONEOS_DEPLOYMENT_TARGET = 13.0;
				LD_RUNPATH_SEARCH_PATHS = (
					"$(inherited)",
					"@executable_path/Frameworks",
				);
				MARKETING_VERSION = 1.0;
				PRODUCT_BUNDLE_IDENTIFIER = "rndd-llc.Baqlajon";
				PRODUCT_NAME = "$(TARGET_NAME)";
				SWIFT_EMIT_LOC_STRINGS = YES;
				SWIFT_VERSION = 5.0;
				TARGETED_DEVICE_FAMILY = "1,2";
			};
			name = Release;
		};
/* End XCBuildConfiguration section */

/* Begin XCConfigurationList section */
		5F69B7302992297D003BB9D6 /* Build configuration list for PBXProject "Baqlajon" */ = {
			isa = XCConfigurationList;
			buildConfigurations = (
				5F69B7472992297E003BB9D6 /* Debug */,
				5F69B7482992297E003BB9D6 /* Release */,
			);
			defaultConfigurationIsVisible = 0;
			defaultConfigurationName = Release;
		};
		5F69B7492992297E003BB9D6 /* Build configuration list for PBXNativeTarget "Baqlajon" */ = {
			isa = XCConfigurationList;
			buildConfigurations = (
				5F69B74A2992297E003BB9D6 /* Debug */,
				5F69B74B2992297E003BB9D6 /* Release */,
			);
			defaultConfigurationIsVisible = 0;
			defaultConfigurationName = Release;
		};
/* End XCConfigurationList section */
	};
	rootObject = 5F69B72D2992297D003BB9D6 /* Project object */;
}
